
Microsoft Visual Studio Solution File, Format Version 12.00
# Visual Studio Version 17
VisualStudioVersion = 17.9.34701.34
MinimumVisualStudioVersion = 10.0.40219.1
Project("{FAE04EC0-301F-11D3-BF4B-00C04F79EFBC}") = "PR4_Shchegol", "PR4_Shchegol\PR4_Shchegol.csproj", "{35717A50-7D5D-49B9-869E-6479D8BB8F50}"
EndProject
Global
	GlobalSection(SolutionConfigurationPlatforms) = preSolution
		Debug|Any CPU = Debug|Any CPU
		Release|Any CPU = Release|Any CPU
	EndGlobalSection
	GlobalSection(ProjectConfigurationPlatforms) = postSolution
		{35717A50-7D5D-49B9-869E-6479D8BB8F50}.Debug|Any CPU.ActiveCfg = Debug|Any CPU
		{35717A50-7D5D-49B9-869E-6479D8BB8F50}.Debug|Any CPU.Build.0 = Debug|Any CPU
		{35717A50-7D5D-49B9-869E-6479D8BB8F50}.Release|Any CPU.ActiveCfg = Release|Any CPU
		{35717A50-7D5D-49B9-869E-6479D8BB8F50}.Release|Any CPU.Build.0 = Release|Any CPU
	EndGlobalSection
	GlobalSection(SolutionProperties) = preSolution
		HideSolutionNode = FALSE
	EndGlobalSection
	GlobalSection(ExtensibilityGlobals) = postSolution
		SolutionGuid = {60C81F23-D088-49C0-8843-7CC96DDE21CC}
	EndGlobalSection
EndGlobal
